
Microsoft Visual Studio Solution File, Format Version 12.00
# Visual Studio Version 16
VisualStudioVersion = 16.0.31829.152
MinimumVisualStudioVersion = 10.0.40219.1
Project("{FAE04EC0-301F-11D3-BF4B-00C04F79EFBC}") = "prjSwitchCase", "prjSwitchCase\prjSwitchCase.csproj", "{77193762-2165-49F9-B774-59154F8C5F47}"
EndProject
Global
	GlobalSection(SolutionConfigurationPlatforms) = preSolution
		Debug|Any CPU = Debug|Any CPU
		Release|Any CPU = Release|Any CPU
	EndGlobalSection
	GlobalSection(ProjectConfigurationPlatforms) = postSolution
		{77193762-2165-49F9-B774-59154F8C5F47}.Debug|Any CPU.ActiveCfg = Debug|Any CPU
		{77193762-2165-49F9-B774-59154F8C5F47}.Debug|Any CPU.Build.0 = Debug|Any CPU
		{77193762-2165-49F9-B774-59154F8C5F47}.Release|Any CPU.ActiveCfg = Release|Any CPU
		{77193762-2165-49F9-B774-59154F8C5F47}.Release|Any CPU.Build.0 = Release|Any CPU
	EndGlobalSection
	GlobalSection(SolutionProperties) = preSolution
		HideSolutionNode = FALSE
	EndGlobalSection
	GlobalSection(ExtensibilityGlobals) = postSolution
		SolutionGuid = {D61D4292-125A-4F7D-9A0C-568E67962614}
	EndGlobalSection
EndGlobal
