
Microsoft Visual Studio Solution File, Format Version 12.00
# Visual Studio Version 16
VisualStudioVersion = 16.0.31829.152
MinimumVisualStudioVersion = 10.0.40219.1
Project("{FAE04EC0-301F-11D3-BF4B-00C04F79EFBC}") = "introducaoPOO", "introducaoPOO\introducaoPOO.csproj", "{7B74F499-DEF5-4625-BCEC-AB349D35228C}"
EndProject
Global
	GlobalSection(SolutionConfigurationPlatforms) = preSolution
		Debug|Any CPU = Debug|Any CPU
		Release|Any CPU = Release|Any CPU
	EndGlobalSection
	GlobalSection(ProjectConfigurationPlatforms) = postSolution
		{7B74F499-DEF5-4625-BCEC-AB349D35228C}.Debug|Any CPU.ActiveCfg = Debug|Any CPU
		{7B74F499-DEF5-4625-BCEC-AB349D35228C}.Debug|Any CPU.Build.0 = Debug|Any CPU
		{7B74F499-DEF5-4625-BCEC-AB349D35228C}.Release|Any CPU.ActiveCfg = Release|Any CPU
		{7B74F499-DEF5-4625-BCEC-AB349D35228C}.Release|Any CPU.Build.0 = Release|Any CPU
	EndGlobalSection
	GlobalSection(SolutionProperties) = preSolution
		HideSolutionNode = FALSE
	EndGlobalSection
	GlobalSection(ExtensibilityGlobals) = postSolution
		SolutionGuid = {C7192B54-CD9D-439C-A8E0-9D40412DE2AB}
	EndGlobalSection
EndGlobal
