
Microsoft Visual Studio Solution File, Format Version 12.00
# Visual Studio Version 16
VisualStudioVersion = 16.0.31829.152
MinimumVisualStudioVersion = 10.0.40219.1
Project("{FAE04EC0-301F-11D3-BF4B-00C04F79EFBC}") = "somaMatriz", "somaMatriz\somaMatriz.csproj", "{7BFF5278-9DF3-4A55-8D3D-511B4349D147}"
EndProject
Global
	GlobalSection(SolutionConfigurationPlatforms) = preSolution
		Debug|Any CPU = Debug|Any CPU
		Release|Any CPU = Release|Any CPU
	EndGlobalSection
	GlobalSection(ProjectConfigurationPlatforms) = postSolution
		{7BFF5278-9DF3-4A55-8D3D-511B4349D147}.Debug|Any CPU.ActiveCfg = Debug|Any CPU
		{7BFF5278-9DF3-4A55-8D3D-511B4349D147}.Debug|Any CPU.Build.0 = Debug|Any CPU
		{7BFF5278-9DF3-4A55-8D3D-511B4349D147}.Release|Any CPU.ActiveCfg = Release|Any CPU
		{7BFF5278-9DF3-4A55-8D3D-511B4349D147}.Release|Any CPU.Build.0 = Release|Any CPU
	EndGlobalSection
	GlobalSection(SolutionProperties) = preSolution
		HideSolutionNode = FALSE
	EndGlobalSection
	GlobalSection(ExtensibilityGlobals) = postSolution
		SolutionGuid = {5BC2D2F0-3592-42D3-970C-12FE4EF20790}
	EndGlobalSection
EndGlobal
