
Microsoft Visual Studio Solution File, Format Version 12.00
# Visual Studio Version 16
VisualStudioVersion = 16.0.31829.152
MinimumVisualStudioVersion = 10.0.40219.1
Project("{FAE04EC0-301F-11D3-BF4B-00C04F79EFBC}") = "livraria_heranca", "livraria_heranca\livraria_heranca.csproj", "{3D70175C-9B5B-4F75-83A9-6D8BED313F81}"
EndProject
Global
	GlobalSection(SolutionConfigurationPlatforms) = preSolution
		Debug|Any CPU = Debug|Any CPU
		Release|Any CPU = Release|Any CPU
	EndGlobalSection
	GlobalSection(ProjectConfigurationPlatforms) = postSolution
		{3D70175C-9B5B-4F75-83A9-6D8BED313F81}.Debug|Any CPU.ActiveCfg = Debug|Any CPU
		{3D70175C-9B5B-4F75-83A9-6D8BED313F81}.Debug|Any CPU.Build.0 = Debug|Any CPU
		{3D70175C-9B5B-4F75-83A9-6D8BED313F81}.Release|Any CPU.ActiveCfg = Release|Any CPU
		{3D70175C-9B5B-4F75-83A9-6D8BED313F81}.Release|Any CPU.Build.0 = Release|Any CPU
	EndGlobalSection
	GlobalSection(SolutionProperties) = preSolution
		HideSolutionNode = FALSE
	EndGlobalSection
	GlobalSection(ExtensibilityGlobals) = postSolution
		SolutionGuid = {E8922BD9-AA17-4A66-97C8-DBB793AE8754}
	EndGlobalSection
EndGlobal
