
Microsoft Visual Studio Solution File, Format Version 12.00
# Visual Studio Version 16
VisualStudioVersion = 16.0.31829.152
MinimumVisualStudioVersion = 10.0.40219.1
Project("{FAE04EC0-301F-11D3-BF4B-00C04F79EFBC}") = "ifSimples", "ifSimples\ifSimples.csproj", "{2A520D3C-F12F-4620-A85E-F6A6C748FA98}"
EndProject
Global
	GlobalSection(SolutionConfigurationPlatforms) = preSolution
		Debug|Any CPU = Debug|Any CPU
		Release|Any CPU = Release|Any CPU
	EndGlobalSection
	GlobalSection(ProjectConfigurationPlatforms) = postSolution
		{2A520D3C-F12F-4620-A85E-F6A6C748FA98}.Debug|Any CPU.ActiveCfg = Debug|Any CPU
		{2A520D3C-F12F-4620-A85E-F6A6C748FA98}.Debug|Any CPU.Build.0 = Debug|Any CPU
		{2A520D3C-F12F-4620-A85E-F6A6C748FA98}.Release|Any CPU.ActiveCfg = Release|Any CPU
		{2A520D3C-F12F-4620-A85E-F6A6C748FA98}.Release|Any CPU.Build.0 = Release|Any CPU
	EndGlobalSection
	GlobalSection(SolutionProperties) = preSolution
		HideSolutionNode = FALSE
	EndGlobalSection
	GlobalSection(ExtensibilityGlobals) = postSolution
		SolutionGuid = {7880C2E4-B0FF-413F-9B1B-CD2898D3C02A}
	EndGlobalSection
EndGlobal
